
Microsoft Visual Studio Solution File, Format Version 11.00
# Visual Studio 2010
Project("{FAE04EC0-301F-11D3-BF4B-00C04F79EFBC}") = "SatLight.Editor.Utilities", "SatLight.Editor.Utilities.csproj", "{d789f1ab-5fb3-a233-6b02-a78fd12f68df}"
EndProject
Project("{FAE04EC0-301F-11D3-BF4B-00C04F79EFBC}") = "N2YO.Runtime.Domain", "N2YO.Runtime.Domain.csproj", "{5b155ed0-0fb9-e097-c4b2-4c1960033d62}"
EndProject
Project("{FAE04EC0-301F-11D3-BF4B-00C04F79EFBC}") = "Ru1t3rl.Editor.Utilities", "Ru1t3rl.Editor.Utilities.csproj", "{36f54006-31ad-49ea-e5df-89f1fe2dd6d7}"
EndProject
Project("{FAE04EC0-301F-11D3-BF4B-00C04F79EFBC}") = "SatLight.Runtime.Utilities", "SatLight.Runtime.Utilities.csproj", "{9ae6fd64-cd62-86d9-a104-610e558e59f8}"
EndProject
Project("{FAE04EC0-301F-11D3-BF4B-00C04F79EFBC}") = "Ru1t3rl.Runtime.Utilities", "Ru1t3rl.Runtime.Utilities.csproj", "{2985aa92-9d8c-8dfa-87e0-deff65fb75e3}"
EndProject
Project("{FAE04EC0-301F-11D3-BF4B-00C04F79EFBC}") = "N2YO.Editor.Controllers", "N2YO.Editor.Controllers.csproj", "{5485cb1f-58af-6034-ab39-d8fe1695aaeb}"
EndProject
Project("{FAE04EC0-301F-11D3-BF4B-00C04F79EFBC}") = "SatLight.Runtime.Behaviours", "SatLight.Runtime.Behaviours.csproj", "{79bd3eab-ed18-3f35-3fda-de9b8da9ffd0}"
EndProject
Project("{FAE04EC0-301F-11D3-BF4B-00C04F79EFBC}") = "Ru1t3rl.Runtime.Domain", "Ru1t3rl.Runtime.Domain.csproj", "{efad170b-69ec-e9c0-462c-3b4bbd1c0505}"
EndProject
Project("{FAE04EC0-301F-11D3-BF4B-00C04F79EFBC}") = "SatLight.Runtime.Domain", "SatLight.Runtime.Domain.csproj", "{56ec9874-7fe4-b286-e428-fd62dda1521f}"
EndProject
Project("{FAE04EC0-301F-11D3-BF4B-00C04F79EFBC}") = "N2YO.Runtime.Utilities", "N2YO.Runtime.Utilities.csproj", "{971b2774-b582-7c5e-a0bf-4ae8266003fa}"
EndProject
Global
	GlobalSection(SolutionConfigurationPlatforms) = preSolution
		Debug|Any CPU = Debug|Any CPU
	EndGlobalSection
	GlobalSection(ProjectConfigurationPlatforms) = postSolution
		{d789f1ab-5fb3-a233-6b02-a78fd12f68df}.Debug|Any CPU.ActiveCfg = Debug|Any CPU
		{d789f1ab-5fb3-a233-6b02-a78fd12f68df}.Debug|Any CPU.Build.0 = Debug|Any CPU
		{5b155ed0-0fb9-e097-c4b2-4c1960033d62}.Debug|Any CPU.ActiveCfg = Debug|Any CPU
		{5b155ed0-0fb9-e097-c4b2-4c1960033d62}.Debug|Any CPU.Build.0 = Debug|Any CPU
		{36f54006-31ad-49ea-e5df-89f1fe2dd6d7}.Debug|Any CPU.ActiveCfg = Debug|Any CPU
		{36f54006-31ad-49ea-e5df-89f1fe2dd6d7}.Debug|Any CPU.Build.0 = Debug|Any CPU
		{9ae6fd64-cd62-86d9-a104-610e558e59f8}.Debug|Any CPU.ActiveCfg = Debug|Any CPU
		{9ae6fd64-cd62-86d9-a104-610e558e59f8}.Debug|Any CPU.Build.0 = Debug|Any CPU
		{2985aa92-9d8c-8dfa-87e0-deff65fb75e3}.Debug|Any CPU.ActiveCfg = Debug|Any CPU
		{2985aa92-9d8c-8dfa-87e0-deff65fb75e3}.Debug|Any CPU.Build.0 = Debug|Any CPU
		{5485cb1f-58af-6034-ab39-d8fe1695aaeb}.Debug|Any CPU.ActiveCfg = Debug|Any CPU
		{5485cb1f-58af-6034-ab39-d8fe1695aaeb}.Debug|Any CPU.Build.0 = Debug|Any CPU
		{79bd3eab-ed18-3f35-3fda-de9b8da9ffd0}.Debug|Any CPU.ActiveCfg = Debug|Any CPU
		{79bd3eab-ed18-3f35-3fda-de9b8da9ffd0}.Debug|Any CPU.Build.0 = Debug|Any CPU
		{efad170b-69ec-e9c0-462c-3b4bbd1c0505}.Debug|Any CPU.ActiveCfg = Debug|Any CPU
		{efad170b-69ec-e9c0-462c-3b4bbd1c0505}.Debug|Any CPU.Build.0 = Debug|Any CPU
		{56ec9874-7fe4-b286-e428-fd62dda1521f}.Debug|Any CPU.ActiveCfg = Debug|Any CPU
		{56ec9874-7fe4-b286-e428-fd62dda1521f}.Debug|Any CPU.Build.0 = Debug|Any CPU
		{971b2774-b582-7c5e-a0bf-4ae8266003fa}.Debug|Any CPU.ActiveCfg = Debug|Any CPU
		{971b2774-b582-7c5e-a0bf-4ae8266003fa}.Debug|Any CPU.Build.0 = Debug|Any CPU
	EndGlobalSection
	GlobalSection(SolutionProperties) = preSolution
		HideSolutionNode = FALSE
	EndGlobalSection
EndGlobal
